
Microsoft Visual Studio Solution File, Format Version 12.00
# Visual Studio Version 16
VisualStudioVersion = 16.0.31025.194
MinimumVisualStudioVersion = 10.0.40219.1
Project("{9A19103F-16F7-4668-BE54-9A1E7A4F7556}") = "BGITXA_HFT_2021221.Client", "BGITXA_HFT_2021221.Client\BGITXA_HFT_2021221.Client.csproj", "{8297ED5D-A8F4-4F45-B7F0-81AEEBDD767A}"
	ProjectSection(ProjectDependencies) = postProject
		{42028118-2145-49E7-A70F-85470DDE884D} = {42028118-2145-49E7-A70F-85470DDE884D}
	EndProjectSection
EndProject
Project("{9A19103F-16F7-4668-BE54-9A1E7A4F7556}") = "BGITXA_HFT_2021221.Data", "BGITXA_HFT_2021221.Data\BGITXA_HFT_2021221.Data.csproj", "{42028118-2145-49E7-A70F-85470DDE884D}"
EndProject
Project("{9A19103F-16F7-4668-BE54-9A1E7A4F7556}") = "BGITXA_HFT_2021221.Logic", "BGITXA_HFT_2021221.Logic\BGITXA_HFT_2021221.Logic.csproj", "{0FB67EB9-2D9D-4A84-BB4C-0C184FF98D8B}"
EndProject
Project("{9A19103F-16F7-4668-BE54-9A1E7A4F7556}") = "BGITXA_HFT_2021221.Repository", "BGITXA_HFT_2021221.Repository\BGITXA_HFT_2021221.Repository.csproj", "{487A5863-6727-4987-9047-BA86AB358D14}"
EndProject
Project("{9A19103F-16F7-4668-BE54-9A1E7A4F7556}") = "BGITXA_HFT_2021221.Endpoint", "BGITXA_HFT_2021221.Endpoint\BGITXA_HFT_2021221.Endpoint.csproj", "{5CA83F44-0A8F-45DF-9E4F-32F361238897}"
EndProject
Project("{9A19103F-16F7-4668-BE54-9A1E7A4F7556}") = "BGITXA_HFT_2021221.Test", "BGITXA_HFT_2021221.Test\BGITXA_HFT_2021221.Test.csproj", "{292B262E-69D7-4904-A6FD-830BD1A5703B}"
EndProject
Project("{2150E333-8FDC-42A3-9474-1A3956D46DE8}") = "Backend", "Backend", "{7DCC5827-4E82-4EA9-89F7-9FFF471906CA}"
EndProject
Project("{2150E333-8FDC-42A3-9474-1A3956D46DE8}") = "Frontend", "Frontend", "{06740C9C-30BC-402F-8B3F-71865C8E7333}"
EndProject
Project("{2150E333-8FDC-42A3-9474-1A3956D46DE8}") = "Shared", "Shared", "{2DCE2F73-3043-4EA8-8779-9C5C93BEF793}"
EndProject
Project("{9A19103F-16F7-4668-BE54-9A1E7A4F7556}") = "BGITXA_HFT_2021221.Models", "BGITXA_HFT_2021221.Models\BGITXA_HFT_2021221.Models.csproj", "{E356AE81-B2D4-4E58-9EEA-2A408EBDB421}"
EndProject
Project("{9A19103F-16F7-4668-BE54-9A1E7A4F7556}") = "BGITXA_HFT_2021221.WpfClient", "BGITXA_HFT_2021221.WpfClient\BGITXA_HFT_2021221.WpfClient.csproj", "{BA097774-4B62-499A-B003-7A6DB2485432}"
EndProject
Project("{FAE04EC0-301F-11D3-BF4B-00C04F79EFBC}") = "BGITXA_HFT_2021221_JSClient", "BGITXA_HFT_2021221_JSClient\BGITXA_HFT_2021221_JSClient.csproj", "{4E0F8ED0-46F9-431E-8BA6-0CF325ECB60E}"
EndProject
Global
	GlobalSection(SolutionConfigurationPlatforms) = preSolution
		Debug|Any CPU = Debug|Any CPU
		Release|Any CPU = Release|Any CPU
	EndGlobalSection
	GlobalSection(ProjectConfigurationPlatforms) = postSolution
		{8297ED5D-A8F4-4F45-B7F0-81AEEBDD767A}.Debug|Any CPU.ActiveCfg = Debug|Any CPU
		{8297ED5D-A8F4-4F45-B7F0-81AEEBDD767A}.Debug|Any CPU.Build.0 = Debug|Any CPU
		{8297ED5D-A8F4-4F45-B7F0-81AEEBDD767A}.Release|Any CPU.ActiveCfg = Release|Any CPU
		{8297ED5D-A8F4-4F45-B7F0-81AEEBDD767A}.Release|Any CPU.Build.0 = Release|Any CPU
		{42028118-2145-49E7-A70F-85470DDE884D}.Debug|Any CPU.ActiveCfg = Debug|Any CPU
		{42028118-2145-49E7-A70F-85470DDE884D}.Debug|Any CPU.Build.0 = Debug|Any CPU
		{42028118-2145-49E7-A70F-85470DDE884D}.Release|Any CPU.ActiveCfg = Release|Any CPU
		{42028118-2145-49E7-A70F-85470DDE884D}.Release|Any CPU.Build.0 = Release|Any CPU
		{0FB67EB9-2D9D-4A84-BB4C-0C184FF98D8B}.Debug|Any CPU.ActiveCfg = Debug|Any CPU
		{0FB67EB9-2D9D-4A84-BB4C-0C184FF98D8B}.Debug|Any CPU.Build.0 = Debug|Any CPU
		{0FB67EB9-2D9D-4A84-BB4C-0C184FF98D8B}.Release|Any CPU.ActiveCfg = Release|Any CPU
		{0FB67EB9-2D9D-4A84-BB4C-0C184FF98D8B}.Release|Any CPU.Build.0 = Release|Any CPU
		{487A5863-6727-4987-9047-BA86AB358D14}.Debug|Any CPU.ActiveCfg = Debug|Any CPU
		{487A5863-6727-4987-9047-BA86AB358D14}.Debug|Any CPU.Build.0 = Debug|Any CPU
		{487A5863-6727-4987-9047-BA86AB358D14}.Release|Any CPU.ActiveCfg = Release|Any CPU
		{487A5863-6727-4987-9047-BA86AB358D14}.Release|Any CPU.Build.0 = Release|Any CPU
		{5CA83F44-0A8F-45DF-9E4F-32F361238897}.Debug|Any CPU.ActiveCfg = Debug|Any CPU
		{5CA83F44-0A8F-45DF-9E4F-32F361238897}.Debug|Any CPU.Build.0 = Debug|Any CPU
		{5CA83F44-0A8F-45DF-9E4F-32F361238897}.Release|Any CPU.ActiveCfg = Release|Any CPU
		{5CA83F44-0A8F-45DF-9E4F-32F361238897}.Release|Any CPU.Build.0 = Release|Any CPU
		{292B262E-69D7-4904-A6FD-830BD1A5703B}.Debug|Any CPU.ActiveCfg = Debug|Any CPU
		{292B262E-69D7-4904-A6FD-830BD1A5703B}.Debug|Any CPU.Build.0 = Debug|Any CPU
		{292B262E-69D7-4904-A6FD-830BD1A5703B}.Release|Any CPU.ActiveCfg = Release|Any CPU
		{292B262E-69D7-4904-A6FD-830BD1A5703B}.Release|Any CPU.Build.0 = Release|Any CPU
		{E356AE81-B2D4-4E58-9EEA-2A408EBDB421}.Debug|Any CPU.ActiveCfg = Debug|Any CPU
		{E356AE81-B2D4-4E58-9EEA-2A408EBDB421}.Debug|Any CPU.Build.0 = Debug|Any CPU
		{E356AE81-B2D4-4E58-9EEA-2A408EBDB421}.Release|Any CPU.ActiveCfg = Release|Any CPU
		{E356AE81-B2D4-4E58-9EEA-2A408EBDB421}.Release|Any CPU.Build.0 = Release|Any CPU
		{BA097774-4B62-499A-B003-7A6DB2485432}.Debug|Any CPU.ActiveCfg = Debug|Any CPU
		{BA097774-4B62-499A-B003-7A6DB2485432}.Debug|Any CPU.Build.0 = Debug|Any CPU
		{BA097774-4B62-499A-B003-7A6DB2485432}.Release|Any CPU.ActiveCfg = Release|Any CPU
		{BA097774-4B62-499A-B003-7A6DB2485432}.Release|Any CPU.Build.0 = Release|Any CPU
		{4E0F8ED0-46F9-431E-8BA6-0CF325ECB60E}.Debug|Any CPU.ActiveCfg = Debug|Any CPU
		{4E0F8ED0-46F9-431E-8BA6-0CF325ECB60E}.Debug|Any CPU.Build.0 = Debug|Any CPU
		{4E0F8ED0-46F9-431E-8BA6-0CF325ECB60E}.Release|Any CPU.ActiveCfg = Release|Any CPU
		{4E0F8ED0-46F9-431E-8BA6-0CF325ECB60E}.Release|Any CPU.Build.0 = Release|Any CPU
	EndGlobalSection
	GlobalSection(SolutionProperties) = preSolution
		HideSolutionNode = FALSE
	EndGlobalSection
	GlobalSection(NestedProjects) = preSolution
		{8297ED5D-A8F4-4F45-B7F0-81AEEBDD767A} = {06740C9C-30BC-402F-8B3F-71865C8E7333}
		{42028118-2145-49E7-A70F-85470DDE884D} = {7DCC5827-4E82-4EA9-89F7-9FFF471906CA}
		{0FB67EB9-2D9D-4A84-BB4C-0C184FF98D8B} = {7DCC5827-4E82-4EA9-89F7-9FFF471906CA}
		{487A5863-6727-4987-9047-BA86AB358D14} = {7DCC5827-4E82-4EA9-89F7-9FFF471906CA}
		{5CA83F44-0A8F-45DF-9E4F-32F361238897} = {7DCC5827-4E82-4EA9-89F7-9FFF471906CA}
		{292B262E-69D7-4904-A6FD-830BD1A5703B} = {7DCC5827-4E82-4EA9-89F7-9FFF471906CA}
		{E356AE81-B2D4-4E58-9EEA-2A408EBDB421} = {2DCE2F73-3043-4EA8-8779-9C5C93BEF793}
		{BA097774-4B62-499A-B003-7A6DB2485432} = {06740C9C-30BC-402F-8B3F-71865C8E7333}
		{4E0F8ED0-46F9-431E-8BA6-0CF325ECB60E} = {06740C9C-30BC-402F-8B3F-71865C8E7333}
	EndGlobalSection
	GlobalSection(ExtensibilityGlobals) = postSolution
		SolutionGuid = {01000ABA-C067-4821-ABD7-ECD9622A79F0}
	EndGlobalSection
EndGlobal
